
Microsoft Visual Studio Solution File, Format Version 12.00
# Visual Studio Version 17
VisualStudioVersion = 17.3.32804.467
MinimumVisualStudioVersion = 10.0.40219.1
Project("{9A19103F-16F7-4668-BE54-9A1E7A4F7556}") = "UnoGame", "UnoGame\UnoGame.csproj", "{FD45BC77-E3E3-4D8E-8B21-35A2D81DF86A}"
EndProject
Project("{9A19103F-16F7-4668-BE54-9A1E7A4F7556}") = "TelegramGameBot", "TelegramGameBot\TelegramGameBot.csproj", "{7047026F-B4F4-4958-8B9C-5D23A8130296}"
EndProject
Global
	GlobalSection(SolutionConfigurationPlatforms) = preSolution
		Debug|Any CPU = Debug|Any CPU
		Release|Any CPU = Release|Any CPU
	EndGlobalSection
	GlobalSection(ProjectConfigurationPlatforms) = postSolution
		{FD45BC77-E3E3-4D8E-8B21-35A2D81DF86A}.Debug|Any CPU.ActiveCfg = Debug|Any CPU
		{FD45BC77-E3E3-4D8E-8B21-35A2D81DF86A}.Debug|Any CPU.Build.0 = Debug|Any CPU
		{FD45BC77-E3E3-4D8E-8B21-35A2D81DF86A}.Release|Any CPU.ActiveCfg = Release|Any CPU
		{FD45BC77-E3E3-4D8E-8B21-35A2D81DF86A}.Release|Any CPU.Build.0 = Release|Any CPU
		{7047026F-B4F4-4958-8B9C-5D23A8130296}.Debug|Any CPU.ActiveCfg = Debug|Any CPU
		{7047026F-B4F4-4958-8B9C-5D23A8130296}.Debug|Any CPU.Build.0 = Debug|Any CPU
		{7047026F-B4F4-4958-8B9C-5D23A8130296}.Release|Any CPU.ActiveCfg = Release|Any CPU
		{7047026F-B4F4-4958-8B9C-5D23A8130296}.Release|Any CPU.Build.0 = Release|Any CPU
	EndGlobalSection
	GlobalSection(SolutionProperties) = preSolution
		HideSolutionNode = FALSE
	EndGlobalSection
	GlobalSection(ExtensibilityGlobals) = postSolution
		SolutionGuid = {5E41D164-AEE0-4DAF-952E-7045A4E22668}
	EndGlobalSection
EndGlobal
